
Microsoft Visual Studio Solution File, Format Version 12.00
# Visual Studio Version 16
VisualStudioVersion = 16.0.31829.152
MinimumVisualStudioVersion = 10.0.40219.1
Project("{FAE04EC0-301F-11D3-BF4B-00C04F79EFBC}") = "z1", "Lab7\z1.csproj", "{49CE23D3-7B3C-4F73-9504-E2C6396469E4}"
EndProject
Project("{FAE04EC0-301F-11D3-BF4B-00C04F79EFBC}") = "z2", "lab7zad2\z2.csproj", "{687D92D5-47EF-4BDF-9325-C1076D6129B9}"
EndProject
Global
	GlobalSection(SolutionConfigurationPlatforms) = preSolution
		Debug|Any CPU = Debug|Any CPU
		Release|Any CPU = Release|Any CPU
	EndGlobalSection
	GlobalSection(ProjectConfigurationPlatforms) = postSolution
		{49CE23D3-7B3C-4F73-9504-E2C6396469E4}.Debug|Any CPU.ActiveCfg = Debug|Any CPU
		{49CE23D3-7B3C-4F73-9504-E2C6396469E4}.Debug|Any CPU.Build.0 = Debug|Any CPU
		{49CE23D3-7B3C-4F73-9504-E2C6396469E4}.Release|Any CPU.ActiveCfg = Release|Any CPU
		{49CE23D3-7B3C-4F73-9504-E2C6396469E4}.Release|Any CPU.Build.0 = Release|Any CPU
		{687D92D5-47EF-4BDF-9325-C1076D6129B9}.Debug|Any CPU.ActiveCfg = Debug|Any CPU
		{687D92D5-47EF-4BDF-9325-C1076D6129B9}.Debug|Any CPU.Build.0 = Debug|Any CPU
		{687D92D5-47EF-4BDF-9325-C1076D6129B9}.Release|Any CPU.ActiveCfg = Release|Any CPU
		{687D92D5-47EF-4BDF-9325-C1076D6129B9}.Release|Any CPU.Build.0 = Release|Any CPU
	EndGlobalSection
	GlobalSection(SolutionProperties) = preSolution
		HideSolutionNode = FALSE
	EndGlobalSection
	GlobalSection(ExtensibilityGlobals) = postSolution
		SolutionGuid = {332C74F3-AEEA-48FB-AF71-E3328A207488}
	EndGlobalSection
EndGlobal
